
Microsoft Visual Studio Solution File, Format Version 12.00
# Visual Studio Version 16
VisualStudioVersion = 16.0.30413.136
MinimumVisualStudioVersion = 10.0.40219.1
Project("{9A19103F-16F7-4668-BE54-9A1E7A4F7556}") = "MoviesApi", "MoviesApi.csproj", "{472937A8-66E6-4BA0-BF15-C40A338119F3}"
EndProject
Project("{9A19103F-16F7-4668-BE54-9A1E7A4F7556}") = "MoviesApi.Database", "..\MoviesApi.Database\MoviesApi.Database.csproj", "{0CF411B1-8358-4D05-AB71-D2BFAFF4BEB8}"
EndProject
Project("{9A19103F-16F7-4668-BE54-9A1E7A4F7556}") = "MoviesApi.Core", "..\MoviesApi.Core\MoviesApi.Core.csproj", "{BC0E31A1-0FC6-4C21-8D1D-F9D193098061}"
EndProject
Project("{FAE04EC0-301F-11D3-BF4B-00C04F79EFBC}") = "MoviesApi.IntegrationTest", "..\MoviesApi.IntegrationTest\MoviesApi.IntegrationTest.csproj", "{554A8197-F15B-4131-A022-43639D0CFEFF}"
EndProject
Project("{FAE04EC0-301F-11D3-BF4B-00C04F79EFBC}") = "MoviesApi.UnitTest", "..\MoviesApi.UnitTest\MoviesApi.UnitTest.csproj", "{A01E439E-9DD8-4351-8D2A-6D8023674940}"
EndProject
Global
	GlobalSection(SolutionConfigurationPlatforms) = preSolution
		Debug|Any CPU = Debug|Any CPU
		Release|Any CPU = Release|Any CPU
	EndGlobalSection
	GlobalSection(ProjectConfigurationPlatforms) = postSolution
		{472937A8-66E6-4BA0-BF15-C40A338119F3}.Debug|Any CPU.ActiveCfg = Debug|Any CPU
		{472937A8-66E6-4BA0-BF15-C40A338119F3}.Debug|Any CPU.Build.0 = Debug|Any CPU
		{472937A8-66E6-4BA0-BF15-C40A338119F3}.Release|Any CPU.ActiveCfg = Release|Any CPU
		{472937A8-66E6-4BA0-BF15-C40A338119F3}.Release|Any CPU.Build.0 = Release|Any CPU
		{0CF411B1-8358-4D05-AB71-D2BFAFF4BEB8}.Debug|Any CPU.ActiveCfg = Debug|Any CPU
		{0CF411B1-8358-4D05-AB71-D2BFAFF4BEB8}.Debug|Any CPU.Build.0 = Debug|Any CPU
		{0CF411B1-8358-4D05-AB71-D2BFAFF4BEB8}.Release|Any CPU.ActiveCfg = Release|Any CPU
		{0CF411B1-8358-4D05-AB71-D2BFAFF4BEB8}.Release|Any CPU.Build.0 = Release|Any CPU
		{BC0E31A1-0FC6-4C21-8D1D-F9D193098061}.Debug|Any CPU.ActiveCfg = Debug|Any CPU
		{BC0E31A1-0FC6-4C21-8D1D-F9D193098061}.Debug|Any CPU.Build.0 = Debug|Any CPU
		{BC0E31A1-0FC6-4C21-8D1D-F9D193098061}.Release|Any CPU.ActiveCfg = Release|Any CPU
		{BC0E31A1-0FC6-4C21-8D1D-F9D193098061}.Release|Any CPU.Build.0 = Release|Any CPU
		{554A8197-F15B-4131-A022-43639D0CFEFF}.Debug|Any CPU.ActiveCfg = Debug|Any CPU
		{554A8197-F15B-4131-A022-43639D0CFEFF}.Debug|Any CPU.Build.0 = Debug|Any CPU
		{554A8197-F15B-4131-A022-43639D0CFEFF}.Release|Any CPU.ActiveCfg = Release|Any CPU
		{554A8197-F15B-4131-A022-43639D0CFEFF}.Release|Any CPU.Build.0 = Release|Any CPU
		{A01E439E-9DD8-4351-8D2A-6D8023674940}.Debug|Any CPU.ActiveCfg = Debug|Any CPU
		{A01E439E-9DD8-4351-8D2A-6D8023674940}.Debug|Any CPU.Build.0 = Debug|Any CPU
		{A01E439E-9DD8-4351-8D2A-6D8023674940}.Release|Any CPU.ActiveCfg = Release|Any CPU
		{A01E439E-9DD8-4351-8D2A-6D8023674940}.Release|Any CPU.Build.0 = Release|Any CPU
	EndGlobalSection
	GlobalSection(SolutionProperties) = preSolution
		HideSolutionNode = FALSE
	EndGlobalSection
	GlobalSection(ExtensibilityGlobals) = postSolution
		SolutionGuid = {027A9726-9C78-4AAA-B550-848671D63833}
	EndGlobalSection
EndGlobal
